
Microsoft Visual Studio Solution File, Format Version 12.00
# Visual Studio Version 17
VisualStudioVersion = 17.10.35027.167
MinimumVisualStudioVersion = 10.0.40219.1
Project("{2150E333-8FDC-42A3-9474-1A3956D46DE8}") = "Services", "Services", "{B40A1C13-B264-4D95-8F64-E6CF421CC26C}"
EndProject
Project("{2150E333-8FDC-42A3-9474-1A3956D46DE8}") = "Catalog", "Catalog", "{C45128C5-E662-4983-A36E-26DB36E5B555}"
EndProject
Project("{2150E333-8FDC-42A3-9474-1A3956D46DE8}") = "BuildingBlocks", "BuildingBlocks", "{A6FEC576-1DD5-4655-B704-05717E1D04CF}"
EndProject
Project("{9A19103F-16F7-4668-BE54-9A1E7A4F7556}") = "BuildingBlocks", "src\BuildingBlocks\BuildingBlocks\BuildingBlocks.csproj", "{BD5BF31A-E2BA-4F4E-99D7-C6A0603BE241}"
EndProject
Project("{9A19103F-16F7-4668-BE54-9A1E7A4F7556}") = "Catalog.API", "src\Services\Catalog\Catalog.API\Catalog.API.csproj", "{08269920-E21D-497D-A265-01A0E2B72052}"
EndProject
Project("{2150E333-8FDC-42A3-9474-1A3956D46DE8}") = "src", "src", "{46A38A63-B6BF-455F-8C07-47971A0E85E1}"
EndProject
Global
	GlobalSection(SolutionConfigurationPlatforms) = preSolution
		Debug|Any CPU = Debug|Any CPU
		Release|Any CPU = Release|Any CPU
	EndGlobalSection
	GlobalSection(ProjectConfigurationPlatforms) = postSolution
		{BD5BF31A-E2BA-4F4E-99D7-C6A0603BE241}.Debug|Any CPU.ActiveCfg = Debug|Any CPU
		{BD5BF31A-E2BA-4F4E-99D7-C6A0603BE241}.Debug|Any CPU.Build.0 = Debug|Any CPU
		{BD5BF31A-E2BA-4F4E-99D7-C6A0603BE241}.Release|Any CPU.ActiveCfg = Release|Any CPU
		{BD5BF31A-E2BA-4F4E-99D7-C6A0603BE241}.Release|Any CPU.Build.0 = Release|Any CPU
		{08269920-E21D-497D-A265-01A0E2B72052}.Debug|Any CPU.ActiveCfg = Debug|Any CPU
		{08269920-E21D-497D-A265-01A0E2B72052}.Debug|Any CPU.Build.0 = Debug|Any CPU
		{08269920-E21D-497D-A265-01A0E2B72052}.Release|Any CPU.ActiveCfg = Release|Any CPU
		{08269920-E21D-497D-A265-01A0E2B72052}.Release|Any CPU.Build.0 = Release|Any CPU
	EndGlobalSection
	GlobalSection(SolutionProperties) = preSolution
		HideSolutionNode = FALSE
	EndGlobalSection
	GlobalSection(NestedProjects) = preSolution
		{B40A1C13-B264-4D95-8F64-E6CF421CC26C} = {46A38A63-B6BF-455F-8C07-47971A0E85E1}
		{C45128C5-E662-4983-A36E-26DB36E5B555} = {B40A1C13-B264-4D95-8F64-E6CF421CC26C}
		{A6FEC576-1DD5-4655-B704-05717E1D04CF} = {46A38A63-B6BF-455F-8C07-47971A0E85E1}
		{BD5BF31A-E2BA-4F4E-99D7-C6A0603BE241} = {A6FEC576-1DD5-4655-B704-05717E1D04CF}
		{08269920-E21D-497D-A265-01A0E2B72052} = {C45128C5-E662-4983-A36E-26DB36E5B555}
	EndGlobalSection
	GlobalSection(ExtensibilityGlobals) = postSolution
		SolutionGuid = {9C3C6796-6E1A-43EA-93DD-8659160556B4}
	EndGlobalSection
EndGlobal
